{
  "name": "@definejs/node-app",
  "version": "0.1.0",
  "lockfileVersion": 1,
  "requires": true,
  "dependencies": {
    "@definejs/app-module": {
      "version": "0.1.6",
      "resolved": "https://registry.npmjs.org/@definejs/app-module/-/app-module-0.1.6.tgz",
      "integrity": "sha512-OEoBOh5we9Xl8oWZEV9tz6uwEHxts5ghPlFmQ2gKQI19BDgFgtmqlK5bYEQSb4IOZf0bPj3Kf+MMdSQOcUpV3w==",
      "requires": {
        "@definejs/emitter": "^0.1.4",
        "@definejs/module-manager": "^0.1.4",
        "@definejs/object": "^0.1.7",
        "@definejs/string": "^0.1.5"
      }
    },
    "@definejs/directory": {
      "version": "0.1.4",
      "resolved": "https://registry.npmjs.org/@definejs/directory/-/directory-0.1.4.tgz",
      "integrity": "sha512-F3/YR1x9oA0Xy8aMomVmzVgYNATktzfjyVQLlpf28XhaENNwP2yNgluBAmSBoX7xyeyxJZ+ZzRCKZkp4DZyMgQ==",
      "requires": {
        "@definejs/file": "^0.1.0"
      }
    },
    "@definejs/emitter": {
      "version": "0.1.4",
      "resolved": "https://registry.npmjs.org/@definejs/emitter/-/emitter-0.1.4.tgz",
      "integrity": "sha512-vg23Vqhdg3ifYT+SzDOjrIFTMDcivDZUWDo5c5AHyX5L5TsjWaEos3rOoX3FmPit0lEY0mCMVAeW4kT2c43N+w==",
      "requires": {
        "@definejs/object": "^0.1.2",
        "@definejs/tree": "^0.1.4"
      }
    },
    "@definejs/file": {
      "version": "0.1.5",
      "resolved": "https://registry.npmjs.org/@definejs/file/-/file-0.1.5.tgz",
      "integrity": "sha512-XffHCHcgb1p8XyVb7C2oOw+P0DIc/z6s6PVtgDC67sFyk+tH7zRIgBHcrpIZZhW5FxhdJh1oKpspgPvycPQ2Yw==",
      "requires": {
        "@definejs/directory": "^0.1.0",
        "@definejs/object": "^0.1.7",
        "colors": "^1.4.0",
        "iconv-lite": "^0.6.2"
      }
    },
    "@definejs/module-manager": {
      "version": "0.1.7",
      "resolved": "https://registry.npmjs.org/@definejs/module-manager/-/module-manager-0.1.7.tgz",
      "integrity": "sha512-bjD79Jf9lhaHEy7H8bM0tYatSAOHHQ4MKLs7KpVZ34Gs8YDVAyIFUkW1oTxFX5RSirZ31hMRoNXhXOyrOFTNZQ=="
    },
    "@definejs/object": {
      "version": "0.1.7",
      "resolved": "https://registry.npmjs.org/@definejs/object/-/object-0.1.7.tgz",
      "integrity": "sha512-Km1+636onFmYOTFMPEYK5tjnYlvIk+cGS/eGV/k5YF4fMoZMIouY8MiBtb5Gn5iUKlepr/iFeqCZ6vci6gYFxQ=="
    },
    "@definejs/patterns": {
      "version": "0.1.1",
      "resolved": "https://registry.npmjs.org/@definejs/patterns/-/patterns-0.1.1.tgz",
      "integrity": "sha512-8Q61u9WYtvT0bm5kRcUrkwYWNUcnDkBpazbCkmzGrjoyPq1lKR51+LyGIEApKSvFN+YYc+oQqwYoTbYXFQTdmA==",
      "requires": {
        "@definejs/directory": "^0.1.1",
        "minimatch": "^3.0.4"
      }
    },
    "@definejs/string": {
      "version": "0.1.5",
      "resolved": "https://registry.npmjs.org/@definejs/string/-/string-0.1.5.tgz",
      "integrity": "sha512-vQBMujgfLJdZOoxizeJUO87n50z/wQIkiwnFedChl8H9IuEa8FuKMIeZ2cQb1q0tphIPLTiXe4Mh+N5oe1NT5w=="
    },
    "@definejs/tree": {
      "version": "0.1.5",
      "resolved": "https://registry.npmjs.org/@definejs/tree/-/tree-0.1.5.tgz",
      "integrity": "sha512-fuHw1Z2S8NlUUJiafnDc5PplSJflTtwy3cG/NaOT/YO3zcKEiP5DHk2a0Omq1Eeyhe4ynepY8IqhXaH937Uefg==",
      "requires": {
        "@definejs/object": "^0.1.0"
      }
    },
    "balanced-match": {
      "version": "1.0.0",
      "resolved": "https://registry.npmjs.org/balanced-match/-/balanced-match-1.0.0.tgz",
      "integrity": "sha1-ibTRmasr7kneFk6gK4nORi1xt2c="
    },
    "brace-expansion": {
      "version": "1.1.11",
      "resolved": "https://registry.npmjs.org/brace-expansion/-/brace-expansion-1.1.11.tgz",
      "integrity": "sha512-iCuPHDFgrHX7H2vEI/5xpz07zSHB00TpugqhmYtVmMO6518mCuRMoOYFldEBl0g187ufozdaHgWKcYFb61qGiA==",
      "requires": {
        "balanced-match": "^1.0.0",
        "concat-map": "0.0.1"
      }
    },
    "colors": {
      "version": "1.4.0",
      "resolved": "https://registry.npmjs.org/colors/-/colors-1.4.0.tgz",
      "integrity": "sha512-a+UqTh4kgZg/SlGvfbzDHpgRu7AAQOmmqRHJnxhRZICKFUT91brVhNNt58CMWU9PsBbv3PDCZUHbVxuDiH2mtA=="
    },
    "concat-map": {
      "version": "0.0.1",
      "resolved": "https://registry.npmjs.org/concat-map/-/concat-map-0.0.1.tgz",
      "integrity": "sha1-2Klr13/Wjfd5OnMDajug1UBdR3s="
    },
    "iconv-lite": {
      "version": "0.6.2",
      "resolved": "https://registry.npmjs.org/iconv-lite/-/iconv-lite-0.6.2.tgz",
      "integrity": "sha512-2y91h5OpQlolefMPmUlivelittSWy0rP+oYVpn6A7GwVHNE8AWzoYOBNmlwks3LobaJxgHCYZAnyNo2GgpNRNQ==",
      "requires": {
        "safer-buffer": ">= 2.1.2 < 3.0.0"
      }
    },
    "minimatch": {
      "version": "3.0.4",
      "resolved": "https://registry.npmjs.org/minimatch/-/minimatch-3.0.4.tgz",
      "integrity": "sha512-yJHVQEhyqPLUTgt9B83PXu6W3rx4MvvHvSUvToogpwoGDOUQ+yDrR0HRot+yOCdCO7u4hX3pWft6kWBBcqh0UA==",
      "requires": {
        "brace-expansion": "^1.1.7"
      }
    },
    "safer-buffer": {
      "version": "2.1.2",
      "resolved": "https://registry.npmjs.org/safer-buffer/-/safer-buffer-2.1.2.tgz",
      "integrity": "sha512-YZo3K82SD7Riyi0E1EQPojLz7kpepnSQI9IyPbHHg1XXXevb5dJI7tpyN2ADxGcQbHG7vcyRHk0cbwqcQriUtg=="
    }
  }
}
